# @generated by Move, please check-in and do not edit manually.

[move]
version = 0
manifest_digest = "6F7D94BDDE386112572A4072B81877BC791166442CD94552A77DB27F4478A8DE"
deps_digest = "F9B494B64F0615AED0E98FC12A85B85ECD2BC5185C22D30E7F67786BB52E507C"

dependencies = [
  { name = "Sui" },
  { name = "math" },
  { name = "oracle" },
  { name = "utils" },
]

[[move.package]]
name = "MoveStdlib"
source = { git = "https://github.com/MystenLabs/sui.git", rev = "mainnet", subdir = "crates/sui-framework/packages/move-stdlib" }

[[move.package]]
name = "Sui"
source = { git = "https://github.com/MystenLabs/sui.git", rev = "mainnet", subdir = "crates/sui-framework/packages/sui-framework" }

dependencies = [
  { name = "MoveStdlib" },
]

[[move.package]]
name = "math"
source = { local = "../math" }

dependencies = [
  { name = "Sui" },
]

[[move.package]]
name = "oracle"
source = { local = "../oracle" }

dependencies = [
  { name = "Sui" },
]

[[move.package]]
name = "utils"
source = { local = "../utils" }

dependencies = [
  { name = "Sui" },
]
